
Microsoft Visual Studio Solution File, Format Version 12.00
# Visual Studio Version 16
VisualStudioVersion = 16.0.31205.134
MinimumVisualStudioVersion = 10.0.40219.1
Project("{8BC9CEB8-8B4A-11D0-8D11-00A0C91BC942}") = "multithreading", "multithreading\multithreading.vcxproj", "{A0D4292A-5EA7-453B-AEA0-EC5A5EE4EFEF}"
EndProject
Global
	GlobalSection(SolutionConfigurationPlatforms) = preSolution
		Debug|x64 = Debug|x64
		Debug|x86 = Debug|x86
		Release|x64 = Release|x64
		Release|x86 = Release|x86
	EndGlobalSection
	GlobalSection(ProjectConfigurationPlatforms) = postSolution
		{A0D4292A-5EA7-453B-AEA0-EC5A5EE4EFEF}.Debug|x64.ActiveCfg = Debug|x64
		{A0D4292A-5EA7-453B-AEA0-EC5A5EE4EFEF}.Debug|x64.Build.0 = Debug|x64
		{A0D4292A-5EA7-453B-AEA0-EC5A5EE4EFEF}.Debug|x86.ActiveCfg = Debug|Win32
		{A0D4292A-5EA7-453B-AEA0-EC5A5EE4EFEF}.Debug|x86.Build.0 = Debug|Win32
		{A0D4292A-5EA7-453B-AEA0-EC5A5EE4EFEF}.Release|x64.ActiveCfg = Release|x64
		{A0D4292A-5EA7-453B-AEA0-EC5A5EE4EFEF}.Release|x64.Build.0 = Release|x64
		{A0D4292A-5EA7-453B-AEA0-EC5A5EE4EFEF}.Release|x86.ActiveCfg = Release|Win32
		{A0D4292A-5EA7-453B-AEA0-EC5A5EE4EFEF}.Release|x86.Build.0 = Release|Win32
	EndGlobalSection
	GlobalSection(SolutionProperties) = preSolution
		HideSolutionNode = FALSE
	EndGlobalSection
	GlobalSection(ExtensibilityGlobals) = postSolution
		SolutionGuid = {C412308C-C03F-4C9F-B762-B20AC7F54D22}
	EndGlobalSection
EndGlobal
